
Microsoft Visual Studio Solution File, Format Version 12.00
# Visual Studio 14
VisualStudioVersion = 14.0.24720.0
MinimumVisualStudioVersion = 10.0.40219.1
Project("{FAE04EC0-301F-11D3-BF4B-00C04F79EFBC}") = "GuidGenerator", "GuidGenerator\GuidGenerator.csproj", "{1065F5DA-66DA-43F8-B536-5F6AD0F7FCE9}"
EndProject
Global
	GlobalSection(SolutionConfigurationPlatforms) = preSolution
		Debug|Any CPU = Debug|Any CPU
		Release|Any CPU = Release|Any CPU
	EndGlobalSection
	GlobalSection(ProjectConfigurationPlatforms) = postSolution
		{1065F5DA-66DA-43F8-B536-5F6AD0F7FCE9}.Debug|Any CPU.ActiveCfg = Debug|Any CPU
		{1065F5DA-66DA-43F8-B536-5F6AD0F7FCE9}.Debug|Any CPU.Build.0 = Debug|Any CPU
		{1065F5DA-66DA-43F8-B536-5F6AD0F7FCE9}.Release|Any CPU.ActiveCfg = Release|Any CPU
		{1065F5DA-66DA-43F8-B536-5F6AD0F7FCE9}.Release|Any CPU.Build.0 = Release|Any CPU
	EndGlobalSection
	GlobalSection(SolutionProperties) = preSolution
		HideSolutionNode = FALSE
	EndGlobalSection
EndGlobal
